{
  "requires": true,
  "lockfileVersion": 1,
  "dependencies": {
    "@interactjs/actions": {
      "version": "1.10.1",
      "resolved": "https://registry.npmjs.org/@interactjs/actions/-/actions-1.10.1.tgz",
      "integrity": "sha512-Ck2baBIqAXbOrEj6Y6loqIcpUuSHLa6R2IoK8mJchvygSvAEhiWpZk2zBYm4UsNlXa1Apwe2iSdjd2qeB9ovhg==",
      "requires": {
        "@interactjs/interact": "1.10.1"
      }
    },
    "@interactjs/arrange": {
      "version": "1.10.1",
      "resolved": "https://registry.npmjs.org/@interactjs/arrange/-/arrange-1.10.1.tgz",
      "integrity": "sha512-YSvYDZMCuImovdDYwXUEwfvgFX7uQG5NLfo6QRzCW0Ze/YYwn3wWYFU5FLPcmQ+ljMIUASDicHPbyjkNAe1ruQ=="
    },
    "@interactjs/auto-scroll": {
      "version": "1.10.1",
      "resolved": "https://registry.npmjs.org/@interactjs/auto-scroll/-/auto-scroll-1.10.1.tgz",
      "integrity": "sha512-TCvdeQ2qMDwwFsLOnUbie5OPJJlgCwF5LF7tv+gm6AUXMeJWux8Y9x6kCp7fXwbRZNNqJxG2QWxp4qex4OTN0g==",
      "requires": {
        "@interactjs/interact": "1.10.1"
      }
    },
    "@interactjs/auto-start": {
      "version": "1.10.1",
      "resolved": "https://registry.npmjs.org/@interactjs/auto-start/-/auto-start-1.10.1.tgz",
      "integrity": "sha512-StgUE3OXLO7c/+z1gix9zhXIFl7KtdOt4GRpkqLJcweeD5+qJRgeLcF7Dm8523S5pfJAWwq60S9LUTatfL+LhA==",
      "requires": {
        "@interactjs/interact": "1.10.1"
      }
    },
    "@interactjs/clone": {
      "version": "1.10.1",
      "resolved": "https://registry.npmjs.org/@interactjs/clone/-/clone-1.10.1.tgz",
      "integrity": "sha512-dUzvaDVoXP82CCQOuthIfHlnfHrTFOzr5wqNzRuPvAMAe64vFEj7bnSXfM8Gbw3jkizJWBRBpNadJPxf9lGPdQ=="
    },
    "@interactjs/core": {
      "version": "1.10.1",
      "resolved": "https://registry.npmjs.org/@interactjs/core/-/core-1.10.1.tgz",
      "integrity": "sha512-LPOxoFMfEZPd8MMUNNjglOQFdm+4sxqdcJtN/1yV+Na0NgB5BoMY+9f7ZE1+EKOd1nVdKDYFq620onnLr+ydXw=="
    },
    "@interactjs/dev-tools": {
      "version": "1.10.1",
      "resolved": "https://registry.npmjs.org/@interactjs/dev-tools/-/dev-tools-1.10.1.tgz",
      "integrity": "sha512-O9Dul/qSITIz6TuJK3UYDitNGx6K3CdTyDCBGZ9h45SZL9Vb44M8bz6tPkvBaZ3/wq0qMQIUkjmE1wQjaaHf2g==",
      "requires": {
        "@interactjs/interact": "1.10.1",
        "@interactjs/utils": "1.10.1"
      }
    },
    "@interactjs/feedback": {
      "version": "1.10.1",
      "resolved": "https://registry.npmjs.org/@interactjs/feedback/-/feedback-1.10.1.tgz",
      "integrity": "sha512-DL69W6oL8tJkopN+SZAfwZ1fdXjYlLcWE5H2gVZbO6KrZ3z+2X1UL9UDJT7cVjIrhmcR8XHRjvYt1/utlDEUyg=="
    },
    "@interactjs/inertia": {
      "version": "1.10.1",
      "resolved": "https://registry.npmjs.org/@interactjs/inertia/-/inertia-1.10.1.tgz",
      "integrity": "sha512-Qqrgi8f05er2SRHi4jyMgXUBP62RGyrLo+c6Z5gAm2cmjiPiNnR6OOisttUv4JWJQXEiwnTVKnD0Bijx7iB/oA==",
      "requires": {
        "@interactjs/interact": "1.10.1",
        "@interactjs/offset": "1.10.1"
      }
    },
    "@interactjs/interact": {
      "version": "1.10.1",
      "resolved": "https://registry.npmjs.org/@interactjs/interact/-/interact-1.10.1.tgz",
      "integrity": "sha512-6hYdbSqb5spzTPqJH8OW7OaF3a8l/jr/ehIki2Q71OQRKN7PgR0iADYCDSD9NmJwR5TgCmt4X9+9wiL8t5MEPw==",
      "requires": {
        "@interactjs/core": "1.10.1",
        "@interactjs/types": "1.10.1",
        "@interactjs/utils": "1.10.1"
      }
    },
    "@interactjs/interactjs": {
      "version": "1.10.1",
      "resolved": "https://registry.npmjs.org/@interactjs/interactjs/-/interactjs-1.10.1.tgz",
      "integrity": "sha512-QxOo/uFJg/qR/XoJ+lCS9K5NDcnnsOztPqampMidFGkUzqy4Swaa6nytDjV4lGcEa+6dyRy4SnfBXzSrFu3SWA==",
      "requires": {
        "@interactjs/actions": "1.10.1",
        "@interactjs/arrange": "1.10.1",
        "@interactjs/auto-scroll": "1.10.1",
        "@interactjs/auto-start": "1.10.1",
        "@interactjs/clone": "1.10.1",
        "@interactjs/core": "1.10.1",
        "@interactjs/dev-tools": "1.10.1",
        "@interactjs/feedback": "1.10.1",
        "@interactjs/inertia": "1.10.1",
        "@interactjs/interact": "1.10.1",
        "@interactjs/modifiers": "1.10.1",
        "@interactjs/multi-target": "1.10.1",
        "@interactjs/offset": "1.10.1",
        "@interactjs/pointer-events": "1.10.1",
        "@interactjs/react": "1.10.1",
        "@interactjs/reflow": "1.10.1",
        "@interactjs/utils": "1.10.1",
        "@interactjs/vue": "1.10.1"
      }
    },
    "@interactjs/modifiers": {
      "version": "1.10.1",
      "resolved": "https://registry.npmjs.org/@interactjs/modifiers/-/modifiers-1.10.1.tgz",
      "integrity": "sha512-GecF0vhRd/oKC2h6Vc3pHQhZAu+HH9E6ayGYzCGbmQhfEP3hWhnhjIWt+1FKbfOu8HEfgHkbXqvh1Q8k4dPWkw==",
      "requires": {
        "@interactjs/interact": "1.10.1",
        "@interactjs/snappers": "1.10.1"
      }
    },
    "@interactjs/multi-target": {
      "version": "1.10.1",
      "resolved": "https://registry.npmjs.org/@interactjs/multi-target/-/multi-target-1.10.1.tgz",
      "integrity": "sha512-mEvSq9wzoHd5ZhMoFzcYbuBMQH3TQr94klBjjzaps5i+Q9wuW4crFq89YZzvqAbVkjQh0GeHJI11NdHlnkFM9A=="
    },
    "@interactjs/offset": {
      "version": "1.10.1",
      "resolved": "https://registry.npmjs.org/@interactjs/offset/-/offset-1.10.1.tgz",
      "integrity": "sha512-bomPXdVqztcA2AQAGQdDOHwupLHpwdUhw5jq6+52jJQdXmVK0eX/kUqUPvGYLwIsmKnU64a5dFx5o5xAOV/maw==",
      "requires": {
        "@interactjs/interact": "1.10.1"
      }
    },
    "@interactjs/pointer-events": {
      "version": "1.10.1",
      "resolved": "https://registry.npmjs.org/@interactjs/pointer-events/-/pointer-events-1.10.1.tgz",
      "integrity": "sha512-e0SEehUmSS0Fl/AHWLtXHNuCUDmu8SSnj6IE952G8lhF9dridh/n2de9HiI8QlCPc7CXacalzz9f5Z4+Zqkfhw==",
      "requires": {
        "@interactjs/interact": "1.10.1"
      }
    },
    "@interactjs/react": {
      "version": "1.10.1",
      "resolved": "https://registry.npmjs.org/@interactjs/react/-/react-1.10.1.tgz",
      "integrity": "sha512-VGwefZ6SlqInsa8q/1wKqtUwZnBButjyiMrwBZgOYTGyo8GkJBqQnfZJT6lgzaeHR6t/yhsLXsEJhmGKzhsD7A=="
    },
    "@interactjs/reflow": {
      "version": "1.10.1",
      "resolved": "https://registry.npmjs.org/@interactjs/reflow/-/reflow-1.10.1.tgz",
      "integrity": "sha512-EJqpwMW2ehkTfQZgJY4t7KOTygiHLDpmFAguekrZ64f56QGQbPl2+XwFqYcnR+4llOFz5cFhMhcWJCoI+P/bzQ==",
      "requires": {
        "@interactjs/interact": "1.10.1"
      }
    },
    "@interactjs/snappers": {
      "version": "1.10.1",
      "resolved": "https://registry.npmjs.org/@interactjs/snappers/-/snappers-1.10.1.tgz",
      "integrity": "sha512-1xeN0HGVs+7QA0qBU2NA01FmfNMpbXHIJ+Y+MaWMiHfOtn7CoflSvS4P26og12bHIHSLkxmZZ8EFoZlxDFFmoQ=="
    },
    "@interactjs/types": {
      "version": "1.10.1",
      "resolved": "https://registry.npmjs.org/@interactjs/types/-/types-1.10.1.tgz",
      "integrity": "sha512-qJs3o2MrfLu62wnKNLfMZECa1mQY78hSAq9Ld0qJovV+j8qFk96ZI/3L6oXqyepNH3FaIyYPpWNBTlVUC7goPw=="
    },
    "@interactjs/utils": {
      "version": "1.10.1",
      "resolved": "https://registry.npmjs.org/@interactjs/utils/-/utils-1.10.1.tgz",
      "integrity": "sha512-K03ZugA7F1tYi2T3I/RtRyzVkEFcqJzy3TkqeMefB1CMxvGY5PNa/h7xT9hs/H9pP2bG8bo1K/LVBHsXAws7eQ=="
    },
    "@interactjs/vue": {
      "version": "1.10.1",
      "resolved": "https://registry.npmjs.org/@interactjs/vue/-/vue-1.10.1.tgz",
      "integrity": "sha512-HyAzqyKfZHy9LvatZoKPFY2fjTRTAKN3D/AXn6Mq6EGWTNIg5yuskgK2fGSzjhUd0nWaP9K5/MkLW4JR/CIsKw=="
    },
    "batch-processor": {
      "version": "1.0.0",
      "resolved": "https://registry.npmjs.org/batch-processor/-/batch-processor-1.0.0.tgz",
      "integrity": "sha1-dclcMrdI4IUNEMKxaPa9vpiRrOg="
    },
    "element-resize-detector": {
      "version": "1.2.1",
      "resolved": "https://registry.npmjs.org/element-resize-detector/-/element-resize-detector-1.2.1.tgz",
      "integrity": "sha512-BdFsPepnQr9fznNPF9nF4vQ457U/ZJXQDSNF1zBe7yaga8v9AdZf3/NElYxFdUh7SitSGt040QygiTo6dtatIw==",
      "requires": {
        "batch-processor": "1.0.0"
      }
    },
    "lodash": {
      "version": "4.17.20",
      "resolved": "https://registry.npmjs.org/lodash/-/lodash-4.17.20.tgz",
      "integrity": "sha512-PlhdFcillOINfeV7Ni6oF1TAEayyZBoZ8bcshTHqOYJYlrqzRK5hagpagky5o4HfCzzd1TRkXPMFq6cKk9rGmA=="
    },
    "vue": {
      "version": "2.6.12",
      "resolved": "https://registry.npmjs.org/vue/-/vue-2.6.12.tgz",
      "integrity": "sha512-uhmLFETqPPNyuLLbsKz6ioJ4q7AZHzD8ZVFNATNyICSZouqP2Sz0rotWQC8UNBF6VGSCs5abnKJoStA6JbCbfg=="
    },
    "vue-class-component": {
      "version": "6.3.2",
      "resolved": "https://registry.npmjs.org/vue-class-component/-/vue-class-component-6.3.2.tgz",
      "integrity": "sha512-cH208IoM+jgZyEf/g7mnFyofwPDJTM/QvBNhYMjqGB8fCsRyTf68rH2ISw/G20tJv+5mIThQ3upKwoL4jLTr1A=="
    },
    "vue-grid-layout": {
      "version": "2.3.11",
      "resolved": "https://registry.npmjs.org/vue-grid-layout/-/vue-grid-layout-2.3.11.tgz",
      "integrity": "sha512-ZLlU6FMUeEs9WERwjb/hN5lx1dPwMe5WUH5JS0Iy3J4cU1igy5EDEMbpON/qmqWWXsJRQ9N0SOY3lh250UUzeg==",
      "requires": {
        "@interactjs/actions": "^1.10.0",
        "@interactjs/auto-start": "^1.10.0",
        "@interactjs/dev-tools": "^1.10.0",
        "@interactjs/interactjs": "^1.10.0",
        "@interactjs/modifiers": "^1.10.0",
        "element-resize-detector": "^1.2.1"
      }
    },
    "vue-property-decorator": {
      "version": "7.3.0",
      "resolved": "https://registry.npmjs.org/vue-property-decorator/-/vue-property-decorator-7.3.0.tgz",
      "integrity": "sha512-HarXfTQ/Nxm4s/APpAaGIGHq5ZzslApImQy8ZrtkfGamw8rUFAVgMS5C50/AQ80+wfw3Wpnf4bNzbmj75m/k2Q==",
      "requires": {
        "vue-class-component": "^6.2.0"
      }
    },
    "vue-responsive-grid-layout": {
      "version": "1.2.0",
      "resolved": "https://registry.npmjs.org/vue-responsive-grid-layout/-/vue-responsive-grid-layout-1.2.0.tgz",
      "integrity": "sha512-oL+vyzl95ZztO800NL8PL4TyLTpnWFyFKqsmlx56r/ASt0WCLvmdgOkuAYdpt96HTVaC92G0H83EpUSsddN/OQ==",
      "requires": {
        "vue": "^2.6.7",
        "vue-class-component": "^6.2.0",
        "vue-property-decorator": "^7.3.0"
      }
    }
  }
}
